
Microsoft Visual Studio Solution File, Format Version 12.00
# Visual Studio Version 16
VisualStudioVersion = 16.0.32510.428
MinimumVisualStudioVersion = 10.0.40219.1
Project("{FAE04EC0-301F-11D3-BF4B-00C04F79EFBC}") = "minElement", "minElement\minElement.csproj", "{FC5533BB-C04D-4E01-AFAC-6C03AF98FD5F}"
EndProject
Global
	GlobalSection(SolutionConfigurationPlatforms) = preSolution
		Debug|Any CPU = Debug|Any CPU
		Release|Any CPU = Release|Any CPU
	EndGlobalSection
	GlobalSection(ProjectConfigurationPlatforms) = postSolution
		{FC5533BB-C04D-4E01-AFAC-6C03AF98FD5F}.Debug|Any CPU.ActiveCfg = Debug|Any CPU
		{FC5533BB-C04D-4E01-AFAC-6C03AF98FD5F}.Debug|Any CPU.Build.0 = Debug|Any CPU
		{FC5533BB-C04D-4E01-AFAC-6C03AF98FD5F}.Release|Any CPU.ActiveCfg = Release|Any CPU
		{FC5533BB-C04D-4E01-AFAC-6C03AF98FD5F}.Release|Any CPU.Build.0 = Release|Any CPU
	EndGlobalSection
	GlobalSection(SolutionProperties) = preSolution
		HideSolutionNode = FALSE
	EndGlobalSection
	GlobalSection(ExtensibilityGlobals) = postSolution
		SolutionGuid = {716F5379-5F97-472D-AC1D-DB463FDE6C46}
	EndGlobalSection
EndGlobal
